
Microsoft Visual Studio Solution File, Format Version 12.00
# Visual Studio Version 17
VisualStudioVersion = 17.3.32901.215
MinimumVisualStudioVersion = 10.0.40219.1
Project("{8BC9CEB8-8B4A-11D0-8D11-00A0C91BC942}") = "PathosEngine", "projects\PathosEngine\PathosEngine.vcxproj", "{F1C0D08F-97A0-4B71-BC64-66F86CFCBB4E}"
EndProject
Project("{8BC9CEB8-8B4A-11D0-8D11-00A0C91BC942}") = "Test_DeferredRenderer", "projects\Test_DeferredRenderer\Test_DeferredRenderer.vcxproj", "{8FCB4198-9275-4294-9C7B-02F20BFE333B}"
EndProject
Project("{8BC9CEB8-8B4A-11D0-8D11-00A0C91BC942}") = "Test_SkeletalAnimation", "projects\Test_SkeletalAnimation\Test_SkeletalAnimation.vcxproj", "{21FB9607-AA39-4F30-931E-3A5F5736465F}"
EndProject
Project("{8BC9CEB8-8B4A-11D0-8D11-00A0C91BC942}") = "ThirdParty", "thirdparty\ThirdParty.vcxproj", "{D9296D9D-A2DC-4F52-8CDB-2E4E83A4A08F}"
EndProject
Project("{8BC9CEB8-8B4A-11D0-8D11-00A0C91BC942}") = "Shaders", "shaders\Shaders.vcxproj", "{B9F0F9D6-0F93-403C-8CF7-EA9318E01803}"
EndProject
Project("{8BC9CEB8-8B4A-11D0-8D11-00A0C91BC942}") = "Test_RacingGame", "projects\Test_RacingGame\Test_RacingGame.vcxproj", "{0105F67E-32C3-4C18-B3B1-BA190B7206FC}"
EndProject
Project("{8BC9CEB8-8B4A-11D0-8D11-00A0C91BC942}") = "Test_ModelViewer", "projects\Test_ModelViewer\Test_ModelViewer.vcxproj", "{0E0AE685-518F-40BB-8EF5-2553CBC0F909}"
EndProject
Project("{8BC9CEB8-8B4A-11D0-8D11-00A0C91BC942}") = "App_RhythmGame", "projects\App_RhythmGame\App_RhythmGame.vcxproj", "{81400518-E8BD-4D4C-93CE-74D8FE6FB1D1}"
EndProject
Project("{8BC9CEB8-8B4A-11D0-8D11-00A0C91BC942}") = "UnitTest", "projects\UnitTest\UnitTest.vcxproj", "{283FEDF8-8F1F-4156-9B16-4E4E2E0D4EFE}"
EndProject
Project("{8BC9CEB8-8B4A-11D0-8D11-00A0C91BC942}") = "Test_Physics", "projects\Test_Physics\Test_Physics.vcxproj", "{9DC17058-0C8A-4777-B3E8-09CBB4652F55}"
	ProjectSection(ProjectDependencies) = postProject
		{F1C0D08F-97A0-4B71-BC64-66F86CFCBB4E} = {F1C0D08F-97A0-4B71-BC64-66F86CFCBB4E}
	EndProjectSection
EndProject
Global
	GlobalSection(SolutionConfigurationPlatforms) = preSolution
		Debug|x64 = Debug|x64
		Release|x64 = Release|x64
	EndGlobalSection
	GlobalSection(ProjectConfigurationPlatforms) = postSolution
		{F1C0D08F-97A0-4B71-BC64-66F86CFCBB4E}.Debug|x64.ActiveCfg = Debug|x64
		{F1C0D08F-97A0-4B71-BC64-66F86CFCBB4E}.Debug|x64.Build.0 = Debug|x64
		{F1C0D08F-97A0-4B71-BC64-66F86CFCBB4E}.Release|x64.ActiveCfg = Release|x64
		{F1C0D08F-97A0-4B71-BC64-66F86CFCBB4E}.Release|x64.Build.0 = Release|x64
		{8FCB4198-9275-4294-9C7B-02F20BFE333B}.Debug|x64.ActiveCfg = Debug|x64
		{8FCB4198-9275-4294-9C7B-02F20BFE333B}.Debug|x64.Build.0 = Debug|x64
		{8FCB4198-9275-4294-9C7B-02F20BFE333B}.Release|x64.ActiveCfg = Release|x64
		{8FCB4198-9275-4294-9C7B-02F20BFE333B}.Release|x64.Build.0 = Release|x64
		{21FB9607-AA39-4F30-931E-3A5F5736465F}.Debug|x64.ActiveCfg = Debug|x64
		{21FB9607-AA39-4F30-931E-3A5F5736465F}.Debug|x64.Build.0 = Debug|x64
		{21FB9607-AA39-4F30-931E-3A5F5736465F}.Release|x64.ActiveCfg = Release|x64
		{21FB9607-AA39-4F30-931E-3A5F5736465F}.Release|x64.Build.0 = Release|x64
		{D9296D9D-A2DC-4F52-8CDB-2E4E83A4A08F}.Debug|x64.ActiveCfg = Debug|x64
		{D9296D9D-A2DC-4F52-8CDB-2E4E83A4A08F}.Release|x64.ActiveCfg = Release|x64
		{B9F0F9D6-0F93-403C-8CF7-EA9318E01803}.Debug|x64.ActiveCfg = Debug|x64
		{B9F0F9D6-0F93-403C-8CF7-EA9318E01803}.Release|x64.ActiveCfg = Release|x64
		{0105F67E-32C3-4C18-B3B1-BA190B7206FC}.Debug|x64.ActiveCfg = Debug|x64
		{0105F67E-32C3-4C18-B3B1-BA190B7206FC}.Debug|x64.Build.0 = Debug|x64
		{0105F67E-32C3-4C18-B3B1-BA190B7206FC}.Release|x64.ActiveCfg = Release|x64
		{0105F67E-32C3-4C18-B3B1-BA190B7206FC}.Release|x64.Build.0 = Release|x64
		{0E0AE685-518F-40BB-8EF5-2553CBC0F909}.Debug|x64.ActiveCfg = Debug|x64
		{0E0AE685-518F-40BB-8EF5-2553CBC0F909}.Debug|x64.Build.0 = Debug|x64
		{0E0AE685-518F-40BB-8EF5-2553CBC0F909}.Release|x64.ActiveCfg = Release|x64
		{0E0AE685-518F-40BB-8EF5-2553CBC0F909}.Release|x64.Build.0 = Release|x64
		{81400518-E8BD-4D4C-93CE-74D8FE6FB1D1}.Debug|x64.ActiveCfg = Debug|x64
		{81400518-E8BD-4D4C-93CE-74D8FE6FB1D1}.Debug|x64.Build.0 = Debug|x64
		{81400518-E8BD-4D4C-93CE-74D8FE6FB1D1}.Release|x64.ActiveCfg = Release|x64
		{81400518-E8BD-4D4C-93CE-74D8FE6FB1D1}.Release|x64.Build.0 = Release|x64
		{283FEDF8-8F1F-4156-9B16-4E4E2E0D4EFE}.Debug|x64.ActiveCfg = Debug|x64
		{283FEDF8-8F1F-4156-9B16-4E4E2E0D4EFE}.Debug|x64.Build.0 = Debug|x64
		{283FEDF8-8F1F-4156-9B16-4E4E2E0D4EFE}.Release|x64.ActiveCfg = Release|x64
		{283FEDF8-8F1F-4156-9B16-4E4E2E0D4EFE}.Release|x64.Build.0 = Release|x64
		{9DC17058-0C8A-4777-B3E8-09CBB4652F55}.Debug|x64.ActiveCfg = Debug|x64
		{9DC17058-0C8A-4777-B3E8-09CBB4652F55}.Debug|x64.Build.0 = Debug|x64
		{9DC17058-0C8A-4777-B3E8-09CBB4652F55}.Release|x64.ActiveCfg = Release|x64
		{9DC17058-0C8A-4777-B3E8-09CBB4652F55}.Release|x64.Build.0 = Release|x64
	EndGlobalSection
	GlobalSection(SolutionProperties) = preSolution
		HideSolutionNode = FALSE
	EndGlobalSection
	GlobalSection(ExtensibilityGlobals) = postSolution
		SolutionGuid = {95293E9B-831B-40F1-9F85-850B2B53AF00}
	EndGlobalSection
EndGlobal
