
Microsoft Visual Studio Solution File, Format Version 12.00
# Visual Studio 15
VisualStudioVersion = 15.0.27428.2037
MinimumVisualStudioVersion = 10.0.40219.1
Project("{8BC9CEB8-8B4A-11D0-8D11-00A0C91BC942}") = "Test_OmniLight", "projects\Test_OmniLight\Test_OmniLight.vcxproj", "{C166C27E-D5B5-4346-B8CA-D7739B7DD4EE}"
EndProject
Project("{8BC9CEB8-8B4A-11D0-8D11-00A0C91BC942}") = "PathosEngine", "projects\PathosEngine\PathosEngine.vcxproj", "{F1C0D08F-97A0-4B71-BC64-66F86CFCBB4E}"
EndProject
Project("{8BC9CEB8-8B4A-11D0-8D11-00A0C91BC942}") = "Test_OBJLoader", "projects\Test_OBJLoader\Test_OBJLoader.vcxproj", "{FBAD6C42-C426-49E5-987B-53C668A588B4}"
EndProject
Project("{8BC9CEB8-8B4A-11D0-8D11-00A0C91BC942}") = "Test_EnvMapping", "projects\Test_EnvMapping\Test_EnvMapping.vcxproj", "{DFD319E8-FC26-4BAA-B81C-C7745A8C938C}"
	ProjectSection(ProjectDependencies) = postProject
		{F1C0D08F-97A0-4B71-BC64-66F86CFCBB4E} = {F1C0D08F-97A0-4B71-BC64-66F86CFCBB4E}
	EndProjectSection
EndProject
Project("{8BC9CEB8-8B4A-11D0-8D11-00A0C91BC942}") = "Test_ForwardRendererRefactoring", "projects\Test_ForwardRendererRefactoring\Test_ForwardRendererRefactoring.vcxproj", "{B87A743B-1B64-4350-AE12-98BDB9EDD379}"
EndProject
Project("{8BC9CEB8-8B4A-11D0-8D11-00A0C91BC942}") = "Test_DeferredRenderer", "projects\Test_DeferredRenderer\Test_DeferredRenderer.vcxproj", "{8FCB4198-9275-4294-9C7B-02F20BFE333B}"
EndProject
Project("{8BC9CEB8-8B4A-11D0-8D11-00A0C91BC942}") = "Test_SkeletalAnimation", "projects\Test_SkeletalAnimation\Test_SkeletalAnimation.vcxproj", "{21FB9607-AA39-4F30-931E-3A5F5736465F}"
EndProject
Project("{8BC9CEB8-8B4A-11D0-8D11-00A0C91BC942}") = "Test_TextRendering", "projects\Test_TextRendering\Test_TextRendering.vcxproj", "{41AA4914-5C4F-43A9-A7DE-F3BB118C98D7}"
EndProject
Project("{8BC9CEB8-8B4A-11D0-8D11-00A0C91BC942}") = "Test_NvidiaAnsel", "projects\Test_NvidiaAnsel\Test_NvidiaAnsel.vcxproj", "{D0332B2B-E2C4-4AF8-B76B-A216DC339B04}"
EndProject
Project("{8BC9CEB8-8B4A-11D0-8D11-00A0C91BC942}") = "Test_ComputeShader", "projects\Test_ComputeShader\Test_ComputeShader.vcxproj", "{5B2C0DE7-3F26-44DE-81E7-81A51CD30981}"
EndProject
Global
	GlobalSection(SolutionConfigurationPlatforms) = preSolution
		Debug|Win32 = Debug|Win32
		Debug|x64 = Debug|x64
		Release|Win32 = Release|Win32
		Release|x64 = Release|x64
	EndGlobalSection
	GlobalSection(ProjectConfigurationPlatforms) = postSolution
		{C166C27E-D5B5-4346-B8CA-D7739B7DD4EE}.Debug|Win32.ActiveCfg = Debug|Win32
		{C166C27E-D5B5-4346-B8CA-D7739B7DD4EE}.Debug|Win32.Build.0 = Debug|Win32
		{C166C27E-D5B5-4346-B8CA-D7739B7DD4EE}.Debug|x64.ActiveCfg = Debug|x64
		{C166C27E-D5B5-4346-B8CA-D7739B7DD4EE}.Debug|x64.Build.0 = Debug|x64
		{C166C27E-D5B5-4346-B8CA-D7739B7DD4EE}.Release|Win32.ActiveCfg = Release|Win32
		{C166C27E-D5B5-4346-B8CA-D7739B7DD4EE}.Release|Win32.Build.0 = Release|Win32
		{C166C27E-D5B5-4346-B8CA-D7739B7DD4EE}.Release|x64.ActiveCfg = Release|x64
		{C166C27E-D5B5-4346-B8CA-D7739B7DD4EE}.Release|x64.Build.0 = Release|x64
		{F1C0D08F-97A0-4B71-BC64-66F86CFCBB4E}.Debug|Win32.ActiveCfg = Debug|Win32
		{F1C0D08F-97A0-4B71-BC64-66F86CFCBB4E}.Debug|Win32.Build.0 = Debug|Win32
		{F1C0D08F-97A0-4B71-BC64-66F86CFCBB4E}.Debug|x64.ActiveCfg = Debug|x64
		{F1C0D08F-97A0-4B71-BC64-66F86CFCBB4E}.Debug|x64.Build.0 = Debug|x64
		{F1C0D08F-97A0-4B71-BC64-66F86CFCBB4E}.Release|Win32.ActiveCfg = Release|Win32
		{F1C0D08F-97A0-4B71-BC64-66F86CFCBB4E}.Release|Win32.Build.0 = Release|Win32
		{F1C0D08F-97A0-4B71-BC64-66F86CFCBB4E}.Release|x64.ActiveCfg = Release|x64
		{F1C0D08F-97A0-4B71-BC64-66F86CFCBB4E}.Release|x64.Build.0 = Release|x64
		{FBAD6C42-C426-49E5-987B-53C668A588B4}.Debug|Win32.ActiveCfg = Debug|Win32
		{FBAD6C42-C426-49E5-987B-53C668A588B4}.Debug|Win32.Build.0 = Debug|Win32
		{FBAD6C42-C426-49E5-987B-53C668A588B4}.Debug|x64.ActiveCfg = Debug|x64
		{FBAD6C42-C426-49E5-987B-53C668A588B4}.Debug|x64.Build.0 = Debug|x64
		{FBAD6C42-C426-49E5-987B-53C668A588B4}.Release|Win32.ActiveCfg = Release|Win32
		{FBAD6C42-C426-49E5-987B-53C668A588B4}.Release|Win32.Build.0 = Release|Win32
		{FBAD6C42-C426-49E5-987B-53C668A588B4}.Release|x64.ActiveCfg = Release|x64
		{FBAD6C42-C426-49E5-987B-53C668A588B4}.Release|x64.Build.0 = Release|x64
		{DFD319E8-FC26-4BAA-B81C-C7745A8C938C}.Debug|Win32.ActiveCfg = Debug|Win32
		{DFD319E8-FC26-4BAA-B81C-C7745A8C938C}.Debug|Win32.Build.0 = Debug|Win32
		{DFD319E8-FC26-4BAA-B81C-C7745A8C938C}.Debug|x64.ActiveCfg = Debug|x64
		{DFD319E8-FC26-4BAA-B81C-C7745A8C938C}.Debug|x64.Build.0 = Debug|x64
		{DFD319E8-FC26-4BAA-B81C-C7745A8C938C}.Release|Win32.ActiveCfg = Release|Win32
		{DFD319E8-FC26-4BAA-B81C-C7745A8C938C}.Release|Win32.Build.0 = Release|Win32
		{DFD319E8-FC26-4BAA-B81C-C7745A8C938C}.Release|x64.ActiveCfg = Release|x64
		{DFD319E8-FC26-4BAA-B81C-C7745A8C938C}.Release|x64.Build.0 = Release|x64
		{B87A743B-1B64-4350-AE12-98BDB9EDD379}.Debug|Win32.ActiveCfg = Debug|Win32
		{B87A743B-1B64-4350-AE12-98BDB9EDD379}.Debug|Win32.Build.0 = Debug|Win32
		{B87A743B-1B64-4350-AE12-98BDB9EDD379}.Debug|x64.ActiveCfg = Debug|x64
		{B87A743B-1B64-4350-AE12-98BDB9EDD379}.Debug|x64.Build.0 = Debug|x64
		{B87A743B-1B64-4350-AE12-98BDB9EDD379}.Release|Win32.ActiveCfg = Release|Win32
		{B87A743B-1B64-4350-AE12-98BDB9EDD379}.Release|Win32.Build.0 = Release|Win32
		{B87A743B-1B64-4350-AE12-98BDB9EDD379}.Release|x64.ActiveCfg = Release|x64
		{B87A743B-1B64-4350-AE12-98BDB9EDD379}.Release|x64.Build.0 = Release|x64
		{8FCB4198-9275-4294-9C7B-02F20BFE333B}.Debug|Win32.ActiveCfg = Debug|Win32
		{8FCB4198-9275-4294-9C7B-02F20BFE333B}.Debug|Win32.Build.0 = Debug|Win32
		{8FCB4198-9275-4294-9C7B-02F20BFE333B}.Debug|x64.ActiveCfg = Debug|x64
		{8FCB4198-9275-4294-9C7B-02F20BFE333B}.Debug|x64.Build.0 = Debug|x64
		{8FCB4198-9275-4294-9C7B-02F20BFE333B}.Release|Win32.ActiveCfg = Release|Win32
		{8FCB4198-9275-4294-9C7B-02F20BFE333B}.Release|Win32.Build.0 = Release|Win32
		{8FCB4198-9275-4294-9C7B-02F20BFE333B}.Release|x64.ActiveCfg = Release|x64
		{8FCB4198-9275-4294-9C7B-02F20BFE333B}.Release|x64.Build.0 = Release|x64
		{21FB9607-AA39-4F30-931E-3A5F5736465F}.Debug|Win32.ActiveCfg = Debug|Win32
		{21FB9607-AA39-4F30-931E-3A5F5736465F}.Debug|Win32.Build.0 = Debug|Win32
		{21FB9607-AA39-4F30-931E-3A5F5736465F}.Debug|x64.ActiveCfg = Debug|x64
		{21FB9607-AA39-4F30-931E-3A5F5736465F}.Debug|x64.Build.0 = Debug|x64
		{21FB9607-AA39-4F30-931E-3A5F5736465F}.Release|Win32.ActiveCfg = Release|Win32
		{21FB9607-AA39-4F30-931E-3A5F5736465F}.Release|Win32.Build.0 = Release|Win32
		{21FB9607-AA39-4F30-931E-3A5F5736465F}.Release|x64.ActiveCfg = Release|x64
		{21FB9607-AA39-4F30-931E-3A5F5736465F}.Release|x64.Build.0 = Release|x64
		{41AA4914-5C4F-43A9-A7DE-F3BB118C98D7}.Debug|Win32.ActiveCfg = Debug|Win32
		{41AA4914-5C4F-43A9-A7DE-F3BB118C98D7}.Debug|Win32.Build.0 = Debug|Win32
		{41AA4914-5C4F-43A9-A7DE-F3BB118C98D7}.Debug|x64.ActiveCfg = Debug|x64
		{41AA4914-5C4F-43A9-A7DE-F3BB118C98D7}.Debug|x64.Build.0 = Debug|x64
		{41AA4914-5C4F-43A9-A7DE-F3BB118C98D7}.Release|Win32.ActiveCfg = Release|Win32
		{41AA4914-5C4F-43A9-A7DE-F3BB118C98D7}.Release|Win32.Build.0 = Release|Win32
		{41AA4914-5C4F-43A9-A7DE-F3BB118C98D7}.Release|x64.ActiveCfg = Release|x64
		{41AA4914-5C4F-43A9-A7DE-F3BB118C98D7}.Release|x64.Build.0 = Release|x64
		{D0332B2B-E2C4-4AF8-B76B-A216DC339B04}.Debug|Win32.ActiveCfg = Debug|Win32
		{D0332B2B-E2C4-4AF8-B76B-A216DC339B04}.Debug|Win32.Build.0 = Debug|Win32
		{D0332B2B-E2C4-4AF8-B76B-A216DC339B04}.Debug|x64.ActiveCfg = Debug|x64
		{D0332B2B-E2C4-4AF8-B76B-A216DC339B04}.Debug|x64.Build.0 = Debug|x64
		{D0332B2B-E2C4-4AF8-B76B-A216DC339B04}.Release|Win32.ActiveCfg = Release|Win32
		{D0332B2B-E2C4-4AF8-B76B-A216DC339B04}.Release|Win32.Build.0 = Release|Win32
		{D0332B2B-E2C4-4AF8-B76B-A216DC339B04}.Release|x64.ActiveCfg = Release|x64
		{D0332B2B-E2C4-4AF8-B76B-A216DC339B04}.Release|x64.Build.0 = Release|x64
		{5B2C0DE7-3F26-44DE-81E7-81A51CD30981}.Debug|Win32.ActiveCfg = Debug|Win32
		{5B2C0DE7-3F26-44DE-81E7-81A51CD30981}.Debug|Win32.Build.0 = Debug|Win32
		{5B2C0DE7-3F26-44DE-81E7-81A51CD30981}.Debug|x64.ActiveCfg = Debug|x64
		{5B2C0DE7-3F26-44DE-81E7-81A51CD30981}.Debug|x64.Build.0 = Debug|x64
		{5B2C0DE7-3F26-44DE-81E7-81A51CD30981}.Release|Win32.ActiveCfg = Release|Win32
		{5B2C0DE7-3F26-44DE-81E7-81A51CD30981}.Release|Win32.Build.0 = Release|Win32
		{5B2C0DE7-3F26-44DE-81E7-81A51CD30981}.Release|x64.ActiveCfg = Release|x64
		{5B2C0DE7-3F26-44DE-81E7-81A51CD30981}.Release|x64.Build.0 = Release|x64
	EndGlobalSection
	GlobalSection(SolutionProperties) = preSolution
		HideSolutionNode = FALSE
	EndGlobalSection
	GlobalSection(ExtensibilityGlobals) = postSolution
		SolutionGuid = {95293E9B-831B-40F1-9F85-850B2B53AF00}
	EndGlobalSection
EndGlobal
