<?xml version="1.0" encoding="utf-8"?>
<Project ToolsVersion="4.0" xmlns="http://schemas.microsoft.com/developer/msbuild/2003">
  <ItemGroup>
    <Filter Include="Source Files">
      <UniqueIdentifier>{4FC737F1-C7A5-4376-A066-2A32D752A2FF}</UniqueIdentifier>
      <Extensions>cpp;c;cc;cxx;def;odl;idl;hpj;bat;asm;asmx</Extensions>
    </Filter>
    <Filter Include="Header Files">
      <UniqueIdentifier>{93995380-89BD-4b04-88EB-625FBE52EBFB}</UniqueIdentifier>
      <Extensions>h;hh;hpp;hxx;hm;inl;inc;xsd</Extensions>
    </Filter>
  </ItemGroup>
  <ItemGroup>
    <ClCompile Include="src\pathos\text\text_geometry.cpp">
      <Filter>Source Files</Filter>
    </ClCompile>
    <ClCompile Include="src\pathos\mesh\geometry_primitive.cpp">
      <Filter>Source Files</Filter>
    </ClCompile>
    <ClCompile Include="src\pathos\render\scene_renderer.cpp">
      <Filter>Source Files</Filter>
    </ClCompile>
    <ClCompile Include="src\pathos\render\direct_lighting.cpp">
      <Filter>Source Files</Filter>
    </ClCompile>
    <ClCompile Include="src\pathos\text\font_mgr.cpp">
      <Filter>Source Files</Filter>
    </ClCompile>
    <ClCompile Include="src\pathos\text\font_texture_cache.cpp">
      <Filter>Source Files</Filter>
    </ClCompile>
    <ClCompile Include="src\pathos\render\render_overlay.cpp">
      <Filter>Source Files</Filter>
    </ClCompile>
    <ClCompile Include="src\pathos\overlay\display_object.cpp">
      <Filter>Source Files</Filter>
    </ClCompile>
    <ClCompile Include="src\pathos\overlay\rectangle.cpp">
      <Filter>Source Files</Filter>
    </ClCompile>
    <ClCompile Include="src\pathos\render\overlay\overlaypass_base.cpp">
      <Filter>Source Files</Filter>
    </ClCompile>
    <ClCompile Include="src\pathos\render\overlay\overlaypass_standard.cpp">
      <Filter>Source Files</Filter>
    </ClCompile>
    <ClCompile Include="src\pathos\util\resource_finder.cpp">
      <Filter>Source Files</Filter>
    </ClCompile>
    <ClCompile Include="src\pathos\overlay\brush.cpp">
      <Filter>Source Files</Filter>
    </ClCompile>
    <ClCompile Include="src\pathos\overlay\label.cpp">
      <Filter>Source Files</Filter>
    </ClCompile>
    <ClCompile Include="src\pathos\render\overlay\overlaypass_text.cpp">
      <Filter>Source Files</Filter>
    </ClCompile>
    <ClCompile Include="src\pathos\console.cpp">
      <Filter>Source Files</Filter>
    </ClCompile>
    <ClCompile Include="src\pathos\render\shadow_directional.cpp">
      <Filter>Source Files</Filter>
    </ClCompile>
    <ClCompile Include="src\thirdparty\gl3w.c">
      <Filter>Source Files</Filter>
    </ClCompile>
    <ClCompile Include="src\pathos\render\visualize_buffer.cpp">
      <Filter>Source Files</Filter>
    </ClCompile>
    <ClCompile Include="src\pathos\render\skybox.cpp">
      <Filter>Source Files</Filter>
    </ClCompile>
    <ClCompile Include="src\pathos\render\sky_panorama.cpp">
      <Filter>Source Files</Filter>
    </ClCompile>
    <ClCompile Include="src\pathos\util\renderdoc_integration.cpp">
      <Filter>Source Files</Filter>
    </ClCompile>
    <ClCompile Include="src\pathos\util\log.cpp">
      <Filter>Source Files</Filter>
    </ClCompile>
    <ClCompile Include="src\pathos\util\file_system.cpp">
      <Filter>Source Files</Filter>
    </ClCompile>
    <ClCompile Include="src\pathos\util\string_conversion.cpp">
      <Filter>Source Files</Filter>
    </ClCompile>
    <ClCompile Include="src\pathos\rhi\render_device.cpp">
      <Filter>Source Files</Filter>
    </ClCompile>
    <ClCompile Include="src\badger\system\mem_alloc.cpp">
      <Filter>Source Files</Filter>
    </ClCompile>
    <ClCompile Include="src\pathos\rhi\render_command_list.cpp">
      <Filter>Source Files</Filter>
    </ClCompile>
    <ClCompile Include="src\pathos\render\scene_render_targets.cpp">
      <Filter>Source Files</Filter>
    </ClCompile>
    <ClCompile Include="src\pathos\rhi\gl_debug_group.cpp">
      <Filter>Source Files</Filter>
    </ClCompile>
    <ClCompile Include="src\pathos\render\postprocessing\post_process.cpp">
      <Filter>Source Files</Filter>
    </ClCompile>
    <ClCompile Include="src\pathos\render\postprocessing\bloom.cpp">
      <Filter>Source Files</Filter>
    </ClCompile>
    <ClCompile Include="src\pathos\render\postprocessing\depth_of_field.cpp">
      <Filter>Source Files</Filter>
    </ClCompile>
    <ClCompile Include="src\pathos\render\god_ray.cpp">
      <Filter>Source Files</Filter>
    </ClCompile>
    <ClCompile Include="src\pathos\render\postprocessing\tone_mapping.cpp">
      <Filter>Source Files</Filter>
    </ClCompile>
    <ClCompile Include="src\pathos\render\postprocessing\anti_aliasing_fxaa.cpp">
      <Filter>Source Files</Filter>
    </ClCompile>
    <ClCompile Include="src\pathos\render\postprocessing\ssao.cpp">
      <Filter>Source Files</Filter>
    </ClCompile>
    <ClCompile Include="src\badger\math\random.cpp">
      <Filter>Source Files</Filter>
    </ClCompile>
    <ClCompile Include="src\pathos\render\forward\translucency_rendering.cpp">
      <Filter>Source Files</Filter>
    </ClCompile>
    <ClCompile Include="src\pathos\gui\gui_window.cpp">
      <Filter>Source Files</Filter>
    </ClCompile>
    <ClCompile Include="src\pathos\mesh\model_transform.cpp">
      <Filter>Source Files</Filter>
    </ClCompile>
    <ClCompile Include="src\pathos\input\input_manager.cpp">
      <Filter>Source Files</Filter>
    </ClCompile>
    <ClCompile Include="src\pathos\input\input_system.cpp">
      <Filter>Source Files</Filter>
    </ClCompile>
    <ClCompile Include="src\pathos\loader\asset_streamer.cpp">
      <Filter>Source Files</Filter>
    </ClCompile>
    <ClCompile Include="src\badger\system\thread_pool.cpp">
      <Filter>Source Files</Filter>
    </ClCompile>
    <ClCompile Include="src\pathos\render\light_probe_baker.cpp">
      <Filter>Source Files</Filter>
    </ClCompile>
    <ClCompile Include="src\pathos\rhi\shader_program.cpp">
      <Filter>Source Files</Filter>
    </ClCompile>
    <ClCompile Include="src\pathos\scene\actor.cpp">
      <Filter>Source Files</Filter>
    </ClCompile>
    <ClCompile Include="src\pathos\scene\actor_component.cpp">
      <Filter>Source Files</Filter>
    </ClCompile>
    <ClCompile Include="src\pathos\scene\scene.cpp">
      <Filter>Source Files</Filter>
    </ClCompile>
    <ClCompile Include="src\pathos\scene\scene_component.cpp">
      <Filter>Source Files</Filter>
    </ClCompile>
    <ClCompile Include="src\pathos\scene\static_mesh_component.cpp">
      <Filter>Source Files</Filter>
    </ClCompile>
    <ClCompile Include="src\badger\assertion\assertion.cpp">
      <Filter>Source Files</Filter>
    </ClCompile>
    <ClCompile Include="src\pathos\scene\scene_capture_component.cpp">
      <Filter>Source Files</Filter>
    </ClCompile>
    <ClCompile Include="src\pathos\render\render_target.cpp">
      <Filter>Source Files</Filter>
    </ClCompile>
    <ClCompile Include="src\badger\math\rotator.cpp">
      <Filter>Source Files</Filter>
    </ClCompile>
    <ClCompile Include="src\pathos\scene\world.cpp">
      <Filter>Source Files</Filter>
    </ClCompile>
    <ClCompile Include="src\pathos\input\xinput_manager.cpp">
      <Filter>Source Files</Filter>
    </ClCompile>
    <ClCompile Include="src\pathos\render\postprocessing\bloom_setup.cpp">
      <Filter>Source Files</Filter>
    </ClCompile>
    <ClCompile Include="src\pathos\render\shadow_omni.cpp">
      <Filter>Source Files</Filter>
    </ClCompile>
    <ClCompile Include="src\pathos\rhi\texture.cpp">
      <Filter>Source Files</Filter>
    </ClCompile>
    <ClCompile Include="src\pathos\render\depth_prepass.cpp">
      <Filter>Source Files</Filter>
    </ClCompile>
    <ClCompile Include="src\badger\math\spline.cpp">
      <Filter>Source Files</Filter>
    </ClCompile>
    <ClCompile Include="src\thirdparty\tinygltf.cpp">
      <Filter>Source Files</Filter>
    </ClCompile>
    <ClCompile Include="src\thirdparty\tinyobjloader.cpp">
      <Filter>Source Files</Filter>
    </ClCompile>
    <ClCompile Include="src\pathos\loader\spline_loader.cpp">
      <Filter>Source Files</Filter>
    </ClCompile>
    <ClCompile Include="src\pathos\util\cpu_profiler.cpp">
      <Filter>Source Files</Filter>
    </ClCompile>
    <ClCompile Include="src\badger\system\cpu.cpp">
      <Filter>Source Files</Filter>
    </ClCompile>
    <ClCompile Include="src\pathos\loader\scene_loader.cpp">
      <Filter>Source Files</Filter>
    </ClCompile>
    <ClCompile Include="src\pathos\loader\scene_desc_parser.cpp">
      <Filter>Source Files</Filter>
    </ClCompile>
    <ClCompile Include="src\pathos\debug_overlay.cpp">
      <Filter>Source Files</Filter>
    </ClCompile>
    <ClCompile Include="src\pathos\text\text_actor.cpp">
      <Filter>Source Files</Filter>
    </ClCompile>
    <ClCompile Include="src\pathos\text\text_component.cpp">
      <Filter>Source Files</Filter>
    </ClCompile>
    <ClCompile Include="src\pathos\util\engine_util.cpp">
      <Filter>Source Files</Filter>
    </ClCompile>
    <ClCompile Include="src\pathos\render_thread.cpp">
      <Filter>Source Files</Filter>
    </ClCompile>
    <ClCompile Include="src\pathos\render\scene_proxy.cpp">
      <Filter>Source Files</Filter>
    </ClCompile>
    <ClCompile Include="src\pathos\rhi\gl_context_manager.cpp">
      <Filter>Source Files</Filter>
    </ClCompile>
    <ClCompile Include="src\pathos\util\engine_thread.cpp">
      <Filter>Source Files</Filter>
    </ClCompile>
    <ClCompile Include="src\pathos\render\indirect_lighting.cpp">
      <Filter>Source Files</Filter>
    </ClCompile>
    <ClCompile Include="src\pathos\engine_policy.cpp">
      <Filter>Source Files</Filter>
    </ClCompile>
    <ClCompile Include="src\pathos\render\screen_space_reflection.cpp">
      <Filter>Source Files</Filter>
    </ClCompile>
    <ClCompile Include="src\pch.cpp">
      <Filter>Source Files</Filter>
    </ClCompile>
    <ClCompile Include="src\pathos\overlay\display_object_proxy.cpp">
      <Filter>Source Files</Filter>
    </ClCompile>
    <ClCompile Include="src\pathos\material\material_shader_assembler.cpp">
      <Filter>Source Files</Filter>
    </ClCompile>
    <ClCompile Include="src\pathos\material\material_shader.cpp">
      <Filter>Source Files</Filter>
    </ClCompile>
    <ClCompile Include="src\pathos\render\resolve_unlit.cpp">
      <Filter>Source Files</Filter>
    </ClCompile>
    <ClCompile Include="src\pathos\render\postprocessing\super_res_fsr1.cpp">
      <Filter>Source Files</Filter>
    </ClCompile>
    <ClCompile Include="src\pathos\render\postprocessing\super_res.cpp">
      <Filter>Source Files</Filter>
    </ClCompile>
    <ClCompile Include="src\pathos\loader\gltf_loader.cpp">
      <Filter>Source Files</Filter>
    </ClCompile>
    <ClCompile Include="src\pathos\render\postprocessing\anti_aliasing_taa.cpp">
      <Filter>Source Files</Filter>
    </ClCompile>
    <ClCompile Include="src\pathos\render\postprocessing\anti_aliasing.cpp">
      <Filter>Source Files</Filter>
    </ClCompile>
    <ClCompile Include="src\pathos\render\volumetric_clouds.cpp">
      <Filter>Source Files</Filter>
    </ClCompile>
    <ClCompile Include="src\pathos\scene\skybox_component.cpp">
      <Filter>Source Files</Filter>
    </ClCompile>
    <ClCompile Include="src\pathos\scene\skybox_actor.cpp">
      <Filter>Source Files</Filter>
    </ClCompile>
    <ClCompile Include="src\pathos\scene\sky_panorama_component.cpp">
      <Filter>Source Files</Filter>
    </ClCompile>
    <ClCompile Include="src\pathos\scene\reflection_probe_component.cpp">
      <Filter>Source Files</Filter>
    </ClCompile>
    <ClCompile Include="src\pathos\scene\reflection_probe_actor.cpp">
      <Filter>Source Files</Filter>
    </ClCompile>
    <ClCompile Include="src\pathos\render\visualize_light_probe.cpp">
      <Filter>Source Files</Filter>
    </ClCompile>
    <ClCompile Include="src\pathos\scene\irradiance_volume_actor.cpp">
      <Filter>Source Files</Filter>
    </ClCompile>
    <ClCompile Include="src\pathos\util\os_util.cpp">
      <Filter>Source Files</Filter>
    </ClCompile>
    <ClCompile Include="src\pathos\render\fullscreen_util.cpp">
      <Filter>Source Files</Filter>
    </ClCompile>
    <ClCompile Include="src\pathos\util\sync_event.cpp">
      <Filter>Source Files</Filter>
    </ClCompile>
    <ClCompile Include="src\pathos\overlay\button.cpp">
      <Filter>Source Files</Filter>
    </ClCompile>
    <ClCompile Include="src\pathos\render\overlay\overlaypass_image.cpp">
      <Filter>Source Files</Filter>
    </ClCompile>
    <ClCompile Include="src\pathos\render\gbuffer_pass.cpp">
      <Filter>Source Files</Filter>
    </ClCompile>
    <ClCompile Include="src\pathos\rhi\gl_live_objects.cpp">
      <Filter>Source Files</Filter>
    </ClCompile>
    <ClCompile Include="src\pathos\rhi\buffer.cpp">
      <Filter>Source Files</Filter>
    </ClCompile>
    <ClCompile Include="src\pathos\util\malloc_emulator.cpp">
      <Filter>Source Files</Filter>
    </ClCompile>
    <ClCompile Include="src\pathos\render\auto_exposure.cpp">
      <Filter>Source Files</Filter>
    </ClCompile>
    <ClCompile Include="src\pathos\render\visualize_sky_occlusion.cpp">
      <Filter>Source Files</Filter>
    </ClCompile>
    <ClCompile Include="src\pathos\scene\landscape_actor.cpp">
      <Filter>Source Files</Filter>
    </ClCompile>
    <ClCompile Include="src\pathos\scene\landscape_component.cpp">
      <Filter>Source Files</Filter>
    </ClCompile>
    <ClCompile Include="src\pathos\render\landscape_rendering.cpp">
      <Filter>Source Files</Filter>
    </ClCompile>
    <ClCompile Include="src\badger\physics\shape.cpp">
      <Filter>Source Files</Filter>
    </ClCompile>
    <ClCompile Include="src\badger\physics\physics_scene.cpp">
      <Filter>Source Files</Filter>
    </ClCompile>
    <ClCompile Include="src\pathos\scene\physics_component.cpp">
      <Filter>Source Files</Filter>
    </ClCompile>
    <ClCompile Include="src\badger\physics\collision.cpp">
      <Filter>Source Files</Filter>
    </ClCompile>
    <ClCompile Include="src\badger\math\convex_hull.cpp">
      <Filter>Source Files</Filter>
    </ClCompile>
    <ClCompile Include="src\badger\math\signed_volume.cpp">
      <Filter>Source Files</Filter>
    </ClCompile>
    <ClCompile Include="src\pathos\scene\directional_light_component.cpp">
      <Filter>Source Files</Filter>
    </ClCompile>
    <ClCompile Include="src\pathos\scene\camera.cpp">
      <Filter>Source Files</Filter>
    </ClCompile>
    <ClCompile Include="src\pathos\loader\image_loader.cpp">
      <Filter>Source Files</Filter>
    </ClCompile>
    <ClCompile Include="src\pathos\loader\objloader.cpp">
      <Filter>Source Files</Filter>
    </ClCompile>
    <ClCompile Include="src\pathos\mesh\geometry.cpp">
      <Filter>Source Files</Filter>
    </ClCompile>
    <ClCompile Include="src\pathos\material\material.cpp">
      <Filter>Source Files</Filter>
    </ClCompile>
    <ClCompile Include="src\pathos\mesh\static_mesh.cpp">
      <Filter>Source Files</Filter>
    </ClCompile>
    <ClCompile Include="src\pathos\util\transform_helper.cpp">
      <Filter>Source Files</Filter>
    </ClCompile>
    <ClCompile Include="src\pathos\engine.cpp">
      <Filter>Source Files</Filter>
    </ClCompile>
    <ClCompile Include="src\pathos\render\sky_atmosphere.cpp">
      <Filter>Source Files</Filter>
    </ClCompile>
    <ClCompile Include="src\pathos\render\sky_atmosphere.cpp">
      <Filter>Source Files</Filter>
    </ClCompile>
    <ClCompile Include="src\pathos\rhi\sampler.cpp">
      <Filter>Source Files</Filter>
    </ClCompile>
    <ClCompile Include="src\pathos\scene\sky_common.cpp">
      <Filter>Source Files</Filter>
    </ClCompile>
    <ClCompile Include="src\pathos\render\image_based_lighting.cpp">
      <Filter>Source Files</Filter>
    </ClCompile>
  </ItemGroup>
  <ItemGroup>
    <ClInclude Include="src\pathos\text\text_geometry.h">
      <Filter>Header Files</Filter>
    </ClInclude>
    <ClInclude Include="src\pathos\material\material_id.h">
      <Filter>Header Files</Filter>
    </ClInclude>
    <ClInclude Include="src\pathos\mesh\geometry_primitive.h">
      <Filter>Header Files</Filter>
    </ClInclude>
    <ClInclude Include="src\pathos\render\scene_renderer.h">
      <Filter>Header Files</Filter>
    </ClInclude>
    <ClInclude Include="src\pathos\render\direct_lighting.h">
      <Filter>Header Files</Filter>
    </ClInclude>
    <ClInclude Include="src\pathos\text\font_mgr.h">
      <Filter>Header Files</Filter>
    </ClInclude>
    <ClInclude Include="src\pathos\text\font_texture_cache.h">
      <Filter>Header Files</Filter>
    </ClInclude>
    <ClInclude Include="src\pathos\overlay\display_object.h">
      <Filter>Header Files</Filter>
    </ClInclude>
    <ClInclude Include="src\pathos\render\render_overlay.h">
      <Filter>Header Files</Filter>
    </ClInclude>
    <ClInclude Include="src\pathos\overlay\rectangle.h">
      <Filter>Header Files</Filter>
    </ClInclude>
    <ClInclude Include="src\pathos\render\overlay\overlaypass.h">
      <Filter>Header Files</Filter>
    </ClInclude>
    <ClInclude Include="src\pathos\render\overlay\overlaypass_base.h">
      <Filter>Header Files</Filter>
    </ClInclude>
    <ClInclude Include="src\pathos\render\overlay\overlaypass_standard.h">
      <Filter>Header Files</Filter>
    </ClInclude>
    <ClInclude Include="src\pathos\util\resource_finder.h">
      <Filter>Header Files</Filter>
    </ClInclude>
    <ClInclude Include="src\pathos\overlay\brush.h">
      <Filter>Header Files</Filter>
    </ClInclude>
    <ClInclude Include="src\pathos\util\color_conversion.h">
      <Filter>Header Files</Filter>
    </ClInclude>
    <ClInclude Include="src\pathos\overlay\label.h">
      <Filter>Header Files</Filter>
    </ClInclude>
    <ClInclude Include="src\pathos\render\overlay\overlaypass_text.h">
      <Filter>Header Files</Filter>
    </ClInclude>
    <ClInclude Include="src\pathos\console.h">
      <Filter>Header Files</Filter>
    </ClInclude>
    <ClInclude Include="src\pathos\util\log.h">
      <Filter>Header Files</Filter>
    </ClInclude>
    <ClInclude Include="src\pathos\render\shadow_directional.h">
      <Filter>Header Files</Filter>
    </ClInclude>
    <ClInclude Include="src\pathos\render\renderer.h">
      <Filter>Header Files</Filter>
    </ClInclude>
    <ClInclude Include="src\pathos\core_minimal.h">
      <Filter>Header Files</Filter>
    </ClInclude>
    <ClInclude Include="src\pathos\render\visualize_buffer.h">
      <Filter>Header Files</Filter>
    </ClInclude>
    <ClInclude Include="src\pathos\rhi\uniform_buffer.h">
      <Filter>Header Files</Filter>
    </ClInclude>
    <ClInclude Include="src\pathos\render_minimal.h">
      <Filter>Header Files</Filter>
    </ClInclude>
    <ClInclude Include="src\pathos\render\skybox.h">
      <Filter>Header Files</Filter>
    </ClInclude>
    <ClInclude Include="src\pathos\render\sky_panorama.h">
      <Filter>Header Files</Filter>
    </ClInclude>
    <ClInclude Include="src\pathos\util\renderdoc_integration.h">
      <Filter>Header Files</Filter>
    </ClInclude>
    <ClInclude Include="src\pathos\rhi\gl_debug_group.h">
      <Filter>Header Files</Filter>
    </ClInclude>
    <ClInclude Include="src\pathos\mesh\geometry_procedural.h">
      <Filter>Header Files</Filter>
    </ClInclude>
    <ClInclude Include="src\pathos\util\file_system.h">
      <Filter>Header Files</Filter>
    </ClInclude>
    <ClInclude Include="src\pathos\util\string_conversion.h">
      <Filter>Header Files</Filter>
    </ClInclude>
    <ClInclude Include="src\pathos\rhi\render_device.h">
      <Filter>Header Files</Filter>
    </ClInclude>
    <ClInclude Include="src\pathos\rhi\render_commands.h">
      <Filter>Header Files</Filter>
    </ClInclude>
    <ClInclude Include="src\pathos\rhi\render_command_list.h">
      <Filter>Header Files</Filter>
    </ClInclude>
    <ClInclude Include="src\badger\system\mem_alloc.h">
      <Filter>Header Files</Filter>
    </ClInclude>
    <ClInclude Include="src\badger\types\int_types.h">
      <Filter>Header Files</Filter>
    </ClInclude>
    <ClInclude Include="src\badger\assertion\assertion.h">
      <Filter>Header Files</Filter>
    </ClInclude>
    <ClInclude Include="src\pathos\rhi\render_commands.generated.h">
      <Filter>Header Files</Filter>
    </ClInclude>
    <ClInclude Include="src\pathos\rhi\render_command_list.generated.h">
      <Filter>Header Files</Filter>
    </ClInclude>
    <ClInclude Include="src\pathos\render\scene_render_targets.h">
      <Filter>Header Files</Filter>
    </ClInclude>
    <ClInclude Include="src\pathos\render\postprocessing\bloom.h">
      <Filter>Header Files</Filter>
    </ClInclude>
    <ClInclude Include="src\pathos\render\postprocessing\post_process.h">
      <Filter>Header Files</Filter>
    </ClInclude>
    <ClInclude Include="src\pathos\render\postprocessing\depth_of_field.h">
      <Filter>Header Files</Filter>
    </ClInclude>
    <ClInclude Include="src\pathos\render\god_ray.h">
      <Filter>Header Files</Filter>
    </ClInclude>
    <ClInclude Include="src\pathos\render\postprocessing\tone_mapping.h">
      <Filter>Header Files</Filter>
    </ClInclude>
    <ClInclude Include="src\pathos\render\postprocessing\anti_aliasing.h">
      <Filter>Header Files</Filter>
    </ClInclude>
    <ClInclude Include="src\pathos\render\postprocessing\anti_aliasing_fxaa.h">
      <Filter>Header Files</Filter>
    </ClInclude>
    <ClInclude Include="src\pathos\engine_version.h">
      <Filter>Header Files</Filter>
    </ClInclude>
    <ClInclude Include="src\pathos\render\postprocessing\ssao.h">
      <Filter>Header Files</Filter>
    </ClInclude>
    <ClInclude Include="src\badger\math\random.h">
      <Filter>Header Files</Filter>
    </ClInclude>
    <ClInclude Include="src\pathos\render\forward\translucency_rendering.h">
      <Filter>Header Files</Filter>
    </ClInclude>
    <ClInclude Include="src\pathos\render\postprocessing\ssr.h">
      <Filter>Header Files</Filter>
    </ClInclude>
    <ClInclude Include="src\pathos\gui\gui_window.h">
      <Filter>Header Files</Filter>
    </ClInclude>
    <ClInclude Include="src\pathos\mesh\model_transform.h">
      <Filter>Header Files</Filter>
    </ClInclude>
    <ClInclude Include="src\badger\system\stopwatch.h">
      <Filter>Header Files</Filter>
    </ClInclude>
    <ClInclude Include="src\pathos\input\input_manager.h">
      <Filter>Header Files</Filter>
    </ClInclude>
    <ClInclude Include="src\pathos\input\input_constants.h">
      <Filter>Header Files</Filter>
    </ClInclude>
    <ClInclude Include="src\badger\types\string_hash.h">
      <Filter>Header Files</Filter>
    </ClInclude>
    <ClInclude Include="src\pathos\input\input_system.h">
      <Filter>Header Files</Filter>
    </ClInclude>
    <ClInclude Include="src\pathos\loader\asset_streamer.h">
      <Filter>Header Files</Filter>
    </ClInclude>
    <ClInclude Include="src\badger\system\thread_pool.h">
      <Filter>Header Files</Filter>
    </ClInclude>
    <ClInclude Include="src\pathos\render\light_probe_baker.h">
      <Filter>Header Files</Filter>
    </ClInclude>
    <ClInclude Include="src\pathos\rhi\shader_program.h">
      <Filter>Header Files</Filter>
    </ClInclude>
    <ClInclude Include="src\pathos\scene\actor.h">
      <Filter>Header Files</Filter>
    </ClInclude>
    <ClInclude Include="src\pathos\scene\actor_component.h">
      <Filter>Header Files</Filter>
    </ClInclude>
    <ClInclude Include="src\pathos\scene\scene.h">
      <Filter>Header Files</Filter>
    </ClInclude>
    <ClInclude Include="src\pathos\scene\scene_component.h">
      <Filter>Header Files</Filter>
    </ClInclude>
    <ClInclude Include="src\pathos\scene\point_light_component.h">
      <Filter>Header Files</Filter>
    </ClInclude>
    <ClInclude Include="src\pathos\util\engine_util.h">
      <Filter>Header Files</Filter>
    </ClInclude>
    <ClInclude Include="src\pathos\scene\point_light_actor.h">
      <Filter>Header Files</Filter>
    </ClInclude>
    <ClInclude Include="src\pathos\scene\directional_light_component.h">
      <Filter>Header Files</Filter>
    </ClInclude>
    <ClInclude Include="src\pathos\scene\directional_light_actor.h">
      <Filter>Header Files</Filter>
    </ClInclude>
    <ClInclude Include="src\badger\types\vector_types.h">
      <Filter>Header Files</Filter>
    </ClInclude>
    <ClInclude Include="src\pathos\scene\static_mesh_component.h">
      <Filter>Header Files</Filter>
    </ClInclude>
    <ClInclude Include="src\badger\types\matrix_types.h">
      <Filter>Header Files</Filter>
    </ClInclude>
    <ClInclude Include="src\pathos\scene\static_mesh_actor.h">
      <Filter>Header Files</Filter>
    </ClInclude>
    <ClInclude Include="src\badger\types\noncopyable.h">
      <Filter>Header Files</Filter>
    </ClInclude>
    <ClInclude Include="src\pathos\scene\scene_capture_component.h">
      <Filter>Header Files</Filter>
    </ClInclude>
    <ClInclude Include="src\pathos\scene\scene_render_settings.h">
      <Filter>Header Files</Filter>
    </ClInclude>
    <ClInclude Include="src\pathos\render\render_target.h">
      <Filter>Header Files</Filter>
    </ClInclude>
    <ClInclude Include="src\pathos\util\engine_thread.h">
      <Filter>Header Files</Filter>
    </ClInclude>
    <ClInclude Include="src\badger\math\rotator.h">
      <Filter>Header Files</Filter>
    </ClInclude>
    <ClInclude Include="src\badger\math\minmax.h">
      <Filter>Header Files</Filter>
    </ClInclude>
    <ClInclude Include="src\pathos\scene\world.h">
      <Filter>Header Files</Filter>
    </ClInclude>
    <ClInclude Include="src\pathos\input\xinput_manager.h">
      <Filter>Header Files</Filter>
    </ClInclude>
    <ClInclude Include="src\pathos\render\postprocessing\bloom_setup.h">
      <Filter>Header Files</Filter>
    </ClInclude>
    <ClInclude Include="src\pathos\render\shadow_omni.h">
      <Filter>Header Files</Filter>
    </ClInclude>
    <ClInclude Include="src\pathos\rhi\texture.h">
      <Filter>Header Files</Filter>
    </ClInclude>
    <ClInclude Include="src\pathos\render\depth_prepass.h">
      <Filter>Header Files</Filter>
    </ClInclude>
    <ClInclude Include="src\badger\math\spline.h">
      <Filter>Header Files</Filter>
    </ClInclude>
    <ClInclude Include="src\pathos\loader\spline_loader.h">
      <Filter>Header Files</Filter>
    </ClInclude>
    <ClInclude Include="src\pathos\util\cpu_profiler.h">
      <Filter>Header Files</Filter>
    </ClInclude>
    <ClInclude Include="src\badger\system\cpu.h">
      <Filter>Header Files</Filter>
    </ClInclude>
    <ClInclude Include="src\badger\system\platform.h">
      <Filter>Header Files</Filter>
    </ClInclude>
    <ClInclude Include="src\pathos\loader\scene_loader.h">
      <Filter>Header Files</Filter>
    </ClInclude>
    <ClInclude Include="src\pathos\loader\scene_desc_parser.h">
      <Filter>Header Files</Filter>
    </ClInclude>
    <ClInclude Include="src\pathos\render\sky_atmosphere.h">
      <Filter>Header Files</Filter>
    </ClInclude>
    <ClInclude Include="src\pathos\debug_overlay.h">
      <Filter>Header Files</Filter>
    </ClInclude>
    <ClInclude Include="src\pathos\text\text_actor.h">
      <Filter>Header Files</Filter>
    </ClInclude>
    <ClInclude Include="src\pathos\text\text_component.h">
      <Filter>Header Files</Filter>
    </ClInclude>
    <ClInclude Include="src\pathos\render_thread.h">
      <Filter>Header Files</Filter>
    </ClInclude>
    <ClInclude Include="src\pathos\render\scene_proxy.h">
      <Filter>Header Files</Filter>
    </ClInclude>
    <ClInclude Include="src\pathos\rhi\gl_context_manager.h">
      <Filter>Header Files</Filter>
    </ClInclude>
    <ClInclude Include="src\pathos\rhi\buffer.h">
      <Filter>Header Files</Filter>
    </ClInclude>
    <ClInclude Include="src\pathos\render\indirect_lighting.h">
      <Filter>Header Files</Filter>
    </ClInclude>
    <ClInclude Include="src\pathos\engine_policy.h">
      <Filter>Header Files</Filter>
    </ClInclude>
    <ClInclude Include="src\pathos\render\screen_space_reflection.h">
      <Filter>Header Files</Filter>
    </ClInclude>
    <ClInclude Include="src\pch.h">
      <Filter>Header Files</Filter>
    </ClInclude>
    <ClInclude Include="src\pathos\overlay\display_object_proxy.h">
      <Filter>Header Files</Filter>
    </ClInclude>
    <ClInclude Include="src\badger\math\aabb.h">
      <Filter>Header Files</Filter>
    </ClInclude>
    <ClInclude Include="src\badger\math\plane.h">
      <Filter>Header Files</Filter>
    </ClInclude>
    <ClInclude Include="src\badger\math\hit_test.h">
      <Filter>Header Files</Filter>
    </ClInclude>
    <ClInclude Include="src\pathos\smart_pointer.h">
      <Filter>Header Files</Filter>
    </ClInclude>
    <ClInclude Include="src\pathos\scene\rect_light_component.h">
      <Filter>Header Files</Filter>
    </ClInclude>
    <ClInclude Include="src\pathos\scene\rect_light_actor.h">
      <Filter>Header Files</Filter>
    </ClInclude>
    <ClInclude Include="src\pathos\material\material_shader_assembler.h">
      <Filter>Header Files</Filter>
    </ClInclude>
    <ClInclude Include="src\pathos\material\material_shader.h">
      <Filter>Header Files</Filter>
    </ClInclude>
    <ClInclude Include="src\pathos\render\resolve_unlit.h">
      <Filter>Header Files</Filter>
    </ClInclude>
    <ClInclude Include="src\pathos\render\postprocessing\super_res_fsr1.h">
      <Filter>Header Files</Filter>
    </ClInclude>
    <ClInclude Include="src\pathos\render\postprocessing\super_res.h">
      <Filter>Header Files</Filter>
    </ClInclude>
    <ClInclude Include="src\pathos\rhi\gl_handles.h">
      <Filter>Header Files</Filter>
    </ClInclude>
    <ClInclude Include="src\pathos\loader\gltf_loader.h">
      <Filter>Header Files</Filter>
    </ClInclude>
    <ClInclude Include="src\pathos\render\postprocessing\anti_aliasing_taa.h">
      <Filter>Header Files</Filter>
    </ClInclude>
    <ClInclude Include="src\pathos\render\volumetric_clouds.h">
      <Filter>Header Files</Filter>
    </ClInclude>
    <ClInclude Include="src\pathos\scene\volumetric_cloud_component.h">
      <Filter>Header Files</Filter>
    </ClInclude>
    <ClInclude Include="src\pathos\scene\volumetric_cloud_actor.h">
      <Filter>Header Files</Filter>
    </ClInclude>
    <ClInclude Include="src\pathos\scene\sky_actor.h">
      <Filter>Header Files</Filter>
    </ClInclude>
    <ClInclude Include="src\pathos\scene\skybox_component.h">
      <Filter>Header Files</Filter>
    </ClInclude>
    <ClInclude Include="src\pathos\scene\skybox_actor.h">
      <Filter>Header Files</Filter>
    </ClInclude>
    <ClInclude Include="src\pathos\scene\sky_panorama_actor.h">
      <Filter>Header Files</Filter>
    </ClInclude>
    <ClInclude Include="src\pathos\scene\sky_panorama_component.h">
      <Filter>Header Files</Filter>
    </ClInclude>
    <ClInclude Include="src\pathos\scene\sky_atmosphere_component.h">
      <Filter>Header Files</Filter>
    </ClInclude>
    <ClInclude Include="src\pathos\scene\sky_atmosphere_actor.h">
      <Filter>Header Files</Filter>
    </ClInclude>
    <ClInclude Include="src\badger\math\vector_math.h">
      <Filter>Header Files</Filter>
    </ClInclude>
    <ClInclude Include="src\pathos\scene\reflection_probe_component.h">
      <Filter>Header Files</Filter>
    </ClInclude>
    <ClInclude Include="src\pathos\scene\reflection_probe_actor.h">
      <Filter>Header Files</Filter>
    </ClInclude>
    <ClInclude Include="src\pathos\render\visualize_light_probe.h">
      <Filter>Header Files</Filter>
    </ClInclude>
    <ClInclude Include="src\pathos\scene\irradiance_volume_actor.h">
      <Filter>Header Files</Filter>
    </ClInclude>
    <ClInclude Include="src\pathos\util\os_util.h">
      <Filter>Header Files</Filter>
    </ClInclude>
    <ClInclude Include="src\badger\math\constants.h">
      <Filter>Header Files</Filter>
    </ClInclude>
    <ClInclude Include="src\badger\types\half_float.h">
      <Filter>Header Files</Filter>
    </ClInclude>
    <ClInclude Include="src\pathos\render\fullscreen_util.h">
      <Filter>Header Files</Filter>
    </ClInclude>
    <ClInclude Include="src\pathos\util\sync_event.h">
      <Filter>Header Files</Filter>
    </ClInclude>
    <ClInclude Include="src\pathos\overlay\button.h">
      <Filter>Header Files</Filter>
    </ClInclude>
    <ClInclude Include="src\pathos\render\overlay\overlaypass_image.h">
      <Filter>Header Files</Filter>
    </ClInclude>
    <ClInclude Include="src\pathos\render\gbuffer_pass.h">
      <Filter>Header Files</Filter>
    </ClInclude>
    <ClInclude Include="src\pathos\rhi\gl_live_objects.h">
      <Filter>Header Files</Filter>
    </ClInclude>
    <ClInclude Include="src\pathos\util\image_data.h">
      <Filter>Header Files</Filter>
    </ClInclude>
    <ClInclude Include="src\badger\types\enum.h">
      <Filter>Header Files</Filter>
    </ClInclude>
    <ClInclude Include="src\pathos\util\malloc_emulator.h">
      <Filter>Header Files</Filter>
    </ClInclude>
    <ClInclude Include="src\pathos\render\auto_exposure.h">
      <Filter>Header Files</Filter>
    </ClInclude>
    <ClInclude Include="src\pathos\render\visualize_sky_occlusion.h">
      <Filter>Header Files</Filter>
    </ClInclude>
    <ClInclude Include="src\pathos\render\image_based_lighting.h">
      <Filter>Header Files</Filter>
    </ClInclude>
    <ClInclude Include="src\pathos\scene\landscape_actor.h">
      <Filter>Header Files</Filter>
    </ClInclude>
    <ClInclude Include="src\pathos\scene\landscape_component.h">
      <Filter>Header Files</Filter>
    </ClInclude>
    <ClInclude Include="src\pathos\render\landscape_rendering.h">
      <Filter>Header Files</Filter>
    </ClInclude>
    <ClInclude Include="src\badger\physics\shape.h">
      <Filter>Header Files</Filter>
    </ClInclude>
    <ClInclude Include="src\badger\physics\physics_scene.h">
      <Filter>Header Files</Filter>
    </ClInclude>
    <ClInclude Include="src\pathos\scene\physics_component.h">
      <Filter>Header Files</Filter>
    </ClInclude>
    <ClInclude Include="src\badger\physics\collision.h">
      <Filter>Header Files</Filter>
    </ClInclude>
    <ClInclude Include="src\badger\math\convex_hull.h">
      <Filter>Header Files</Filter>
    </ClInclude>
    <ClInclude Include="src\badger\math\signed_volume.h">
      <Filter>Header Files</Filter>
    </ClInclude>
    <ClInclude Include="src\pathos\rhi\indirect_draw.h">
      <Filter>Header Files</Filter>
    </ClInclude>
    <ClInclude Include="src\pathos\scene\camera.h">
      <Filter>Header Files</Filter>
    </ClInclude>
    <ClInclude Include="src\pathos\loader\image_loader.h">
      <Filter>Header Files</Filter>
    </ClInclude>
    <ClInclude Include="src\pathos\loader\objloader.h">
      <Filter>Header Files</Filter>
    </ClInclude>
    <ClInclude Include="src\pathos\mesh\render.h">
      <Filter>Header Files</Filter>
    </ClInclude>
    <ClInclude Include="src\pathos\util\transform_helper.h">
      <Filter>Header Files</Filter>
    </ClInclude>
    <ClInclude Include="src\pathos\engine.h">
      <Filter>Header Files</Filter>
    </ClInclude>
    <ClInclude Include="src\pathos\mesh\geometry.h">
      <Filter>Header Files</Filter>
    </ClInclude>
    <ClInclude Include="src\pathos\material\material.h">
      <Filter>Header Files</Filter>
    </ClInclude>
    <ClInclude Include="src\pathos\mesh\static_mesh.h">
      <Filter>Header Files</Filter>
    </ClInclude>
    <ClInclude Include="src\pathos\rhi\sampler.h">
      <Filter>Header Files</Filter>
    </ClInclude>
    <ClInclude Include="src\pathos\material\material_parameter.h">
      <Filter>Header Files</Filter>
    </ClInclude>
    <ClInclude Include="src\badger\math\bits.h">
      <Filter>Header Files</Filter>
    </ClInclude>
    <ClInclude Include="src\pathos\scene\sky_common.h">
      <Filter>Header Files</Filter>
    </ClInclude>
  </ItemGroup>
  <ItemGroup>
    <Natvis Include="..\..\thirdparty\glm\glm.natvis" />
  </ItemGroup>
</Project>