<?xml version="1.0" encoding="utf-8"?>
<Project ToolsVersion="4.0" xmlns="http://schemas.microsoft.com/developer/msbuild/2003">
  <ItemGroup>
    <Filter Include="Source Files">
      <UniqueIdentifier>{4FC737F1-C7A5-4376-A066-2A32D752A2FF}</UniqueIdentifier>
      <Extensions>cpp;c;cc;cxx;def;odl;idl;hpj;bat;asm;asmx</Extensions>
    </Filter>
    <Filter Include="Header Files">
      <UniqueIdentifier>{93995380-89BD-4b04-88EB-625FBE52EBFB}</UniqueIdentifier>
      <Extensions>h;hh;hpp;hxx;hm;inl;inc;ipp;xsd</Extensions>
    </Filter>
    <Filter Include="Resource Files">
      <UniqueIdentifier>{67DA6AB6-F800-4c08-8B7A-83BB121AAD01}</UniqueIdentifier>
      <Extensions>rc;ico;cur;bmp;dlg;rc2;rct;bin;rgs;gif;jpg;jpeg;jpe;resx;tiff;tif;png;wav;mfcribbon-ms</Extensions>
    </Filter>
  </ItemGroup>
  <ItemGroup>
    <None Include="atmosphere.glsl" />
    <None Include="atmosphere_precompute.glsl" />
    <None Include="bloom_setup.glsl" />
    <None Include="brdf.glsl" />
    <None Include="copy_texture.fs.glsl" />
    <None Include="deferred_common.glsl" />
    <None Include="deferred_common_fs.glsl" />
    <None Include="deferred_pack_pbr_fs.glsl" />
    <None Include="deferred_pack_pbr_vs.glsl" />
    <None Include="direct_lighting.glsl" />
    <None Include="depth_of_field.glsl" />
    <None Include="depth_prepass.glsl" />
    <None Include="diffuse_irradiance.glsl" />
    <None Include="equirectangular_to_cube.glsl" />
    <None Include="fullscreen_quad.glsl" />
    <None Include="fxaa_fs.glsl" />
    <None Include="god_ray_fs.glsl" />
    <None Include="god_ray_silhouette.glsl" />
    <None Include="nvidia_fxaa.glsl" />
    <None Include="omni_shadow_map.glsl" />
    <None Include="overlay_standard.glsl" />
    <None Include="overlay_text.glsl" />
    <None Include="prefix_sum.glsl" />
    <None Include="shadow_mapping.glsl" />
    <None Include="sky_ansel.glsl" />
    <None Include="skybox.glsl" />
    <None Include="specular_ibl.glsl" />
    <None Include="ssao_ao.glsl" />
    <None Include="ssao_downscale.glsl" />
    <None Include="starfield.glsl" />
    <None Include="tone_mapping.glsl" />
    <None Include="translucency_fs.glsl" />
    <None Include="translucency_vs.glsl" />
    <None Include="two_pass_gaussian_blur.glsl" />
    <None Include="visualize_buffer.glsl" />
    <None Include="volumetric_clouds.glsl" />
    <None Include="common.glsl" />
    <None Include="ssao_blur.glsl" />
    <None Include="indirect_lighting.glsl" />
    <None Include="volumetric_clouds_clear.glsl" />
    <None Include="hierarchical_z_buffer.glsl" />
    <None Include="ssr_preintegration.glsl" />
    <None Include="ssr_raytracing.glsl" />
    <None Include="ssr_preconvolution.glsl" />
    <None Include="ssr_composite.glsl" />
    <None Include="bloom_downsample.glsl" />
    <None Include="bloom_upsample.glsl" />
    <None Include="cascaded_shadow_map.glsl" />
    <None Include="materials\_template.glsl" />
    <None Include="materials\pbr_texture.glsl" />
    <None Include="materials\solid_color.glsl" />
    <None Include="materials\lightning_bolt.glsl" />
    <None Include="materials\unlit.glsl" />
    <None Include="materials\unlit_text.glsl" />
  </ItemGroup>
</Project>