<?xml version="1.0" encoding="utf-8"?>
<Project ToolsVersion="4.0" xmlns="http://schemas.microsoft.com/developer/msbuild/2003">
  <ItemGroup>
    <Filter Include="Source Files">
      <UniqueIdentifier>{4FC737F1-C7A5-4376-A066-2A32D752A2FF}</UniqueIdentifier>
      <Extensions>cpp;c;cc;cxx;def;odl;idl;hpj;bat;asm;asmx</Extensions>
    </Filter>
    <Filter Include="Header Files">
      <UniqueIdentifier>{93995380-89BD-4b04-88EB-625FBE52EBFB}</UniqueIdentifier>
      <Extensions>h;hh;hpp;hxx;hm;inl;inc;ipp;xsd</Extensions>
    </Filter>
    <Filter Include="Resource Files">
      <UniqueIdentifier>{67DA6AB6-F800-4c08-8B7A-83BB121AAD01}</UniqueIdentifier>
      <Extensions>rc;ico;cur;bmp;dlg;rc2;rct;bin;rgs;gif;jpg;jpeg;jpe;resx;tiff;tif;png;wav;mfcribbon-ms</Extensions>
    </Filter>
  </ItemGroup>
  <ItemGroup>
    <None Include="atmosphere.glsl" />
    <None Include="atmosphere_precompute.glsl" />
    <None Include="postprocess\bloom_setup.glsl" />
    <None Include="core\brdf.glsl" />
    <None Include="copy_texture.fs.glsl" />
    <None Include="deferred_common.glsl" />
    <None Include="deferred_common_fs.glsl" />
    <None Include="direct_lighting.glsl" />
    <None Include="postprocess\depth_of_field.glsl" />
    <None Include="diffuse_irradiance.glsl" />
    <None Include="equirectangular_to_cube.glsl" />
    <None Include="fullscreen_quad.glsl" />
    <None Include="postprocess\fxaa_wrapper.glsl" />
    <None Include="god_ray_fs.glsl" />
    <None Include="god_ray_silhouette.glsl" />
    <None Include="fxaa\nvidia_fxaa.glsl" />
    <None Include="omni_shadow_map.glsl" />
    <None Include="overlay\overlay_standard.glsl" />
    <None Include="overlay\overlay_text.glsl" />
    <None Include="postprocess\dof_prefix_sum.glsl" />
    <None Include="shadow_mapping.glsl" />
    <None Include="sky_panorama.glsl" />
    <None Include="skybox.glsl" />
    <None Include="specular_ibl.glsl" />
    <None Include="ssao_ao.glsl" />
    <None Include="ssao_downscale.glsl" />
    <None Include="starfield.glsl" />
    <None Include="postprocess\tone_mapping.glsl" />
    <None Include="two_pass_gaussian_blur.glsl" />
    <None Include="visualize_buffer.glsl" />
    <None Include="volumetric_clouds.glsl" />
    <None Include="core\common.glsl" />
    <None Include="ssao_blur.glsl" />
    <None Include="indirect_lighting.glsl" />
    <None Include="hierarchical_z_buffer.glsl" />
    <None Include="ssr_preintegration.glsl" />
    <None Include="ssr_raytracing.glsl" />
    <None Include="ssr_preconvolution.glsl" />
    <None Include="ssr_composite.glsl" />
    <None Include="postprocess\bloom_downsample.glsl" />
    <None Include="postprocess\bloom_upsample.glsl" />
    <None Include="materials\_template.glsl" />
    <None Include="materials\pbr_texture.glsl" />
    <None Include="materials\solid_color.glsl" />
    <None Include="materials\lightning_bolt.glsl" />
    <None Include="materials\unlit.glsl" />
    <None Include="materials\unlit_text.glsl" />
    <None Include="materials\guard_tower.glsl" />
    <None Include="resolve_unlit.glsl" />
    <None Include="materials\texture_viewer.glsl" />
    <None Include="materials\translucent_color.glsl" />
    <None Include="fsr1_wrapper_easu.glsl" />
    <None Include="fsr1_wrapper_rcas.glsl" />
    <None Include="fsr1_wrapper_common.glsl" />
    <None Include="materials\gltf_opaque.glsl" />
    <None Include="postprocess\temporal_anti_aliasing.glsl" />
    <None Include="geom_common.glsl" />
    <None Include="visualize_light_probe.glsl" />
    <None Include="clear_texture.glsl" />
    <None Include="overlay\overlay_image.glsl" />
    <None Include="postprocess\auto_exposure_scene_avg.glsl" />
    <None Include="volumetric_clouds_post.glsl" />
    <None Include="god_ray_post.glsl" />
    <None Include="postprocess\auto_exposure_histogram_avg.glsl" />
    <None Include="postprocess\auto_exposure_histogram_gen.glsl" />
    <None Include="core\light.glsl" />
    <None Include="core\transform.glsl" />
    <None Include="core\image_based_lighting.glsl" />
    <None Include="visualize_sky_occlusion.glsl" />
    <None Include="reflection_probe_downsample.glsl" />
    <None Include="reflection_probe_filtering.glsl" />
    <None Include="reflection_probe_coeffs_const_32.glsl" />
    <None Include="materials\landscape.glsl" />
    <None Include="landscape_indirect_draw.glsl" />
    <None Include="core\indirect_draw.glsl" />
  </ItemGroup>
</Project>